
Microsoft Visual Studio Solution File, Format Version 12.00
# Visual Studio Version 16
VisualStudioVersion = 16.0.31005.135
MinimumVisualStudioVersion = 10.0.40219.1
Project("{FAE04EC0-301F-11D3-BF4B-00C04F79EFBC}") = "MLBQuiz", "MLBQuiz\MLBQuiz.csproj", "{53C46156-8D43-40C2-813F-0036CF277786}"
EndProject
Global
	GlobalSection(SolutionConfigurationPlatforms) = preSolution
		Debug|Any CPU = Debug|Any CPU
		Release|Any CPU = Release|Any CPU
	EndGlobalSection
	GlobalSection(ProjectConfigurationPlatforms) = postSolution
		{53C46156-8D43-40C2-813F-0036CF277786}.Debug|Any CPU.ActiveCfg = Debug|Any CPU
		{53C46156-8D43-40C2-813F-0036CF277786}.Debug|Any CPU.Build.0 = Debug|Any CPU
		{53C46156-8D43-40C2-813F-0036CF277786}.Release|Any CPU.ActiveCfg = Release|Any CPU
		{53C46156-8D43-40C2-813F-0036CF277786}.Release|Any CPU.Build.0 = Release|Any CPU
	EndGlobalSection
	GlobalSection(SolutionProperties) = preSolution
		HideSolutionNode = FALSE
	EndGlobalSection
	GlobalSection(ExtensibilityGlobals) = postSolution
		SolutionGuid = {55315829-322E-43CB-B31A-A09DDA41E776}
	EndGlobalSection
EndGlobal
